
Microsoft Visual Studio Solution File, Format Version 12.00
# Visual Studio Version 17
VisualStudioVersion = 17.7.34003.232
MinimumVisualStudioVersion = 10.0.40219.1
Project("{FAE04EC0-301F-11D3-BF4B-00C04F79EFBC}") = "inventaio_Stack_Queque", "inventaio_Stack_Queque\inventaio_Stack_Queque.csproj", "{C195AAB6-A445-401E-9EAA-CB0B5C103A07}"
EndProject
Global
	GlobalSection(SolutionConfigurationPlatforms) = preSolution
		Debug|Any CPU = Debug|Any CPU
		Release|Any CPU = Release|Any CPU
	EndGlobalSection
	GlobalSection(ProjectConfigurationPlatforms) = postSolution
		{C195AAB6-A445-401E-9EAA-CB0B5C103A07}.Debug|Any CPU.ActiveCfg = Debug|Any CPU
		{C195AAB6-A445-401E-9EAA-CB0B5C103A07}.Debug|Any CPU.Build.0 = Debug|Any CPU
		{C195AAB6-A445-401E-9EAA-CB0B5C103A07}.Release|Any CPU.ActiveCfg = Release|Any CPU
		{C195AAB6-A445-401E-9EAA-CB0B5C103A07}.Release|Any CPU.Build.0 = Release|Any CPU
	EndGlobalSection
	GlobalSection(SolutionProperties) = preSolution
		HideSolutionNode = FALSE
	EndGlobalSection
	GlobalSection(ExtensibilityGlobals) = postSolution
		SolutionGuid = {C0EBF931-8B09-4756-9A87-07B2E5EC5384}
	EndGlobalSection
EndGlobal
