
Microsoft Visual Studio Solution File, Format Version 12.00
# Visual Studio Version 17
VisualStudioVersion = 17.5.002.0
MinimumVisualStudioVersion = 10.0.40219.1
Project("{9A19103F-16F7-4668-BE54-9A1E7A4F7556}") = "CLASEago07", "CLASEago07.csproj", "{74250C59-A773-405C-A51E-D66292D02537}"
EndProject
Global
	GlobalSection(SolutionConfigurationPlatforms) = preSolution
		Debug|Any CPU = Debug|Any CPU
		Release|Any CPU = Release|Any CPU
	EndGlobalSection
	GlobalSection(ProjectConfigurationPlatforms) = postSolution
		{74250C59-A773-405C-A51E-D66292D02537}.Debug|Any CPU.ActiveCfg = Debug|Any CPU
		{74250C59-A773-405C-A51E-D66292D02537}.Debug|Any CPU.Build.0 = Debug|Any CPU
		{74250C59-A773-405C-A51E-D66292D02537}.Release|Any CPU.ActiveCfg = Release|Any CPU
		{74250C59-A773-405C-A51E-D66292D02537}.Release|Any CPU.Build.0 = Release|Any CPU
	EndGlobalSection
	GlobalSection(SolutionProperties) = preSolution
		HideSolutionNode = FALSE
	EndGlobalSection
	GlobalSection(ExtensibilityGlobals) = postSolution
		SolutionGuid = {C5E67572-703E-4A61-8A6E-CB2ECD3D400F}
	EndGlobalSection
EndGlobal
